
Microsoft Visual Studio Solution File, Format Version 12.00
# Visual Studio Version 16
VisualStudioVersion = 16.0.30114.105
MinimumVisualStudioVersion = 10.0.40219.1
Project("{FAE04EC0-301F-11D3-BF4B-00C04F79EFBC}") = "Airlines.Domain", "Airlines.Domain\Airlines.Domain.csproj", "{42CACB35-C791-4CCE-A8D2-4643EB85B611}"
EndProject
Project("{FAE04EC0-301F-11D3-BF4B-00C04F79EFBC}") = "Airlines.MVC", "Airlines.MVC\Airlines.MVC.csproj", "{FAD3BEB9-EE39-4A16-AC91-F43A7E664C8A}"
EndProject
Project("{FAE04EC0-301F-11D3-BF4B-00C04F79EFBC}") = "Airlines.Infra", "Airlines.Infra\Airlines.Infra.csproj", "{ADA0EB4A-464F-43B9-BD24-29BD2A0517B7}"
EndProject
Project("{FAE04EC0-301F-11D3-BF4B-00C04F79EFBC}") = "Airlines.Console", "Airlines.Console\Airlines.Console.csproj", "{20FF0BB6-614F-4161-8AF6-00B509B8A0E2}"
EndProject
Project("{FAE04EC0-301F-11D3-BF4B-00C04F79EFBC}") = "ServiceLibrary", "ServiceLibrary\ServiceLibrary.csproj", "{E6F2A71C-B38D-4969-AE5C-EDAD2DBEC0E9}"
EndProject
Global
	GlobalSection(SolutionConfigurationPlatforms) = preSolution
		Debug|Any CPU = Debug|Any CPU
		Debug|x64 = Debug|x64
		Debug|x86 = Debug|x86
		Release|Any CPU = Release|Any CPU
		Release|x64 = Release|x64
		Release|x86 = Release|x86
	EndGlobalSection
	GlobalSection(ProjectConfigurationPlatforms) = postSolution
		{42CACB35-C791-4CCE-A8D2-4643EB85B611}.Debug|Any CPU.ActiveCfg = Debug|Any CPU
		{42CACB35-C791-4CCE-A8D2-4643EB85B611}.Debug|Any CPU.Build.0 = Debug|Any CPU
		{42CACB35-C791-4CCE-A8D2-4643EB85B611}.Debug|x64.ActiveCfg = Debug|Any CPU
		{42CACB35-C791-4CCE-A8D2-4643EB85B611}.Debug|x64.Build.0 = Debug|Any CPU
		{42CACB35-C791-4CCE-A8D2-4643EB85B611}.Debug|x86.ActiveCfg = Debug|Any CPU
		{42CACB35-C791-4CCE-A8D2-4643EB85B611}.Debug|x86.Build.0 = Debug|Any CPU
		{42CACB35-C791-4CCE-A8D2-4643EB85B611}.Release|Any CPU.ActiveCfg = Release|Any CPU
		{42CACB35-C791-4CCE-A8D2-4643EB85B611}.Release|Any CPU.Build.0 = Release|Any CPU
		{42CACB35-C791-4CCE-A8D2-4643EB85B611}.Release|x64.ActiveCfg = Release|Any CPU
		{42CACB35-C791-4CCE-A8D2-4643EB85B611}.Release|x64.Build.0 = Release|Any CPU
		{42CACB35-C791-4CCE-A8D2-4643EB85B611}.Release|x86.ActiveCfg = Release|Any CPU
		{42CACB35-C791-4CCE-A8D2-4643EB85B611}.Release|x86.Build.0 = Release|Any CPU
		{FAD3BEB9-EE39-4A16-AC91-F43A7E664C8A}.Debug|Any CPU.ActiveCfg = Debug|Any CPU
		{FAD3BEB9-EE39-4A16-AC91-F43A7E664C8A}.Debug|Any CPU.Build.0 = Debug|Any CPU
		{FAD3BEB9-EE39-4A16-AC91-F43A7E664C8A}.Debug|x64.ActiveCfg = Debug|Any CPU
		{FAD3BEB9-EE39-4A16-AC91-F43A7E664C8A}.Debug|x64.Build.0 = Debug|Any CPU
		{FAD3BEB9-EE39-4A16-AC91-F43A7E664C8A}.Debug|x86.ActiveCfg = Debug|Any CPU
		{FAD3BEB9-EE39-4A16-AC91-F43A7E664C8A}.Debug|x86.Build.0 = Debug|Any CPU
		{FAD3BEB9-EE39-4A16-AC91-F43A7E664C8A}.Release|Any CPU.ActiveCfg = Release|Any CPU
		{FAD3BEB9-EE39-4A16-AC91-F43A7E664C8A}.Release|Any CPU.Build.0 = Release|Any CPU
		{FAD3BEB9-EE39-4A16-AC91-F43A7E664C8A}.Release|x64.ActiveCfg = Release|Any CPU
		{FAD3BEB9-EE39-4A16-AC91-F43A7E664C8A}.Release|x64.Build.0 = Release|Any CPU
		{FAD3BEB9-EE39-4A16-AC91-F43A7E664C8A}.Release|x86.ActiveCfg = Release|Any CPU
		{FAD3BEB9-EE39-4A16-AC91-F43A7E664C8A}.Release|x86.Build.0 = Release|Any CPU
		{ADA0EB4A-464F-43B9-BD24-29BD2A0517B7}.Debug|Any CPU.ActiveCfg = Debug|Any CPU
		{ADA0EB4A-464F-43B9-BD24-29BD2A0517B7}.Debug|Any CPU.Build.0 = Debug|Any CPU
		{ADA0EB4A-464F-43B9-BD24-29BD2A0517B7}.Debug|x64.ActiveCfg = Debug|Any CPU
		{ADA0EB4A-464F-43B9-BD24-29BD2A0517B7}.Debug|x64.Build.0 = Debug|Any CPU
		{ADA0EB4A-464F-43B9-BD24-29BD2A0517B7}.Debug|x86.ActiveCfg = Debug|Any CPU
		{ADA0EB4A-464F-43B9-BD24-29BD2A0517B7}.Debug|x86.Build.0 = Debug|Any CPU
		{ADA0EB4A-464F-43B9-BD24-29BD2A0517B7}.Release|Any CPU.ActiveCfg = Release|Any CPU
		{ADA0EB4A-464F-43B9-BD24-29BD2A0517B7}.Release|Any CPU.Build.0 = Release|Any CPU
		{ADA0EB4A-464F-43B9-BD24-29BD2A0517B7}.Release|x64.ActiveCfg = Release|Any CPU
		{ADA0EB4A-464F-43B9-BD24-29BD2A0517B7}.Release|x64.Build.0 = Release|Any CPU
		{ADA0EB4A-464F-43B9-BD24-29BD2A0517B7}.Release|x86.ActiveCfg = Release|Any CPU
		{ADA0EB4A-464F-43B9-BD24-29BD2A0517B7}.Release|x86.Build.0 = Release|Any CPU
		{20FF0BB6-614F-4161-8AF6-00B509B8A0E2}.Debug|Any CPU.ActiveCfg = Debug|Any CPU
		{20FF0BB6-614F-4161-8AF6-00B509B8A0E2}.Debug|Any CPU.Build.0 = Debug|Any CPU
		{20FF0BB6-614F-4161-8AF6-00B509B8A0E2}.Debug|x64.ActiveCfg = Debug|Any CPU
		{20FF0BB6-614F-4161-8AF6-00B509B8A0E2}.Debug|x64.Build.0 = Debug|Any CPU
		{20FF0BB6-614F-4161-8AF6-00B509B8A0E2}.Debug|x86.ActiveCfg = Debug|Any CPU
		{20FF0BB6-614F-4161-8AF6-00B509B8A0E2}.Debug|x86.Build.0 = Debug|Any CPU
		{20FF0BB6-614F-4161-8AF6-00B509B8A0E2}.Release|Any CPU.ActiveCfg = Release|Any CPU
		{20FF0BB6-614F-4161-8AF6-00B509B8A0E2}.Release|Any CPU.Build.0 = Release|Any CPU
		{20FF0BB6-614F-4161-8AF6-00B509B8A0E2}.Release|x64.ActiveCfg = Release|Any CPU
		{20FF0BB6-614F-4161-8AF6-00B509B8A0E2}.Release|x64.Build.0 = Release|Any CPU
		{20FF0BB6-614F-4161-8AF6-00B509B8A0E2}.Release|x86.ActiveCfg = Release|Any CPU
		{20FF0BB6-614F-4161-8AF6-00B509B8A0E2}.Release|x86.Build.0 = Release|Any CPU
		{E6F2A71C-B38D-4969-AE5C-EDAD2DBEC0E9}.Debug|Any CPU.ActiveCfg = Debug|Any CPU
		{E6F2A71C-B38D-4969-AE5C-EDAD2DBEC0E9}.Debug|Any CPU.Build.0 = Debug|Any CPU
		{E6F2A71C-B38D-4969-AE5C-EDAD2DBEC0E9}.Debug|x64.ActiveCfg = Debug|Any CPU
		{E6F2A71C-B38D-4969-AE5C-EDAD2DBEC0E9}.Debug|x64.Build.0 = Debug|Any CPU
		{E6F2A71C-B38D-4969-AE5C-EDAD2DBEC0E9}.Debug|x86.ActiveCfg = Debug|Any CPU
		{E6F2A71C-B38D-4969-AE5C-EDAD2DBEC0E9}.Debug|x86.Build.0 = Debug|Any CPU
		{E6F2A71C-B38D-4969-AE5C-EDAD2DBEC0E9}.Release|Any CPU.ActiveCfg = Release|Any CPU
		{E6F2A71C-B38D-4969-AE5C-EDAD2DBEC0E9}.Release|Any CPU.Build.0 = Release|Any CPU
		{E6F2A71C-B38D-4969-AE5C-EDAD2DBEC0E9}.Release|x64.ActiveCfg = Release|Any CPU
		{E6F2A71C-B38D-4969-AE5C-EDAD2DBEC0E9}.Release|x64.Build.0 = Release|Any CPU
		{E6F2A71C-B38D-4969-AE5C-EDAD2DBEC0E9}.Release|x86.ActiveCfg = Release|Any CPU
		{E6F2A71C-B38D-4969-AE5C-EDAD2DBEC0E9}.Release|x86.Build.0 = Release|Any CPU
	EndGlobalSection
	GlobalSection(SolutionProperties) = preSolution
		HideSolutionNode = FALSE
	EndGlobalSection
	GlobalSection(ExtensibilityGlobals) = postSolution
		SolutionGuid = {BCD29E72-A5EA-4FD2-AE9C-500528B303E5}
	EndGlobalSection
EndGlobal
